
Microsoft Visual Studio Solution File, Format Version 11.00
# Visual Studio 2010
Project("{FAE04EC0-301F-11D3-BF4B-00C04F79EFBC}") = "SimpleBasicAuthenticationModule", "SimpleBasicAuthenticationModule\SimpleBasicAuthenticationModule.csproj", "{357BFE08-37B5-4A2C-AAFE-4396548AED09}"
EndProject
Project("{FAE04EC0-301F-11D3-BF4B-00C04F79EFBC}") = "SimpleBasicAuthenticationModule.Test", "SimpleBasicAuthenticationModule.Test\SimpleBasicAuthenticationModule.Test.csproj", "{A7B5E6C5-062C-4200-AC02-C1BF38F51D86}"
EndProject
Global
	GlobalSection(SolutionConfigurationPlatforms) = preSolution
		Debug|Any CPU = Debug|Any CPU
		Release|Any CPU = Release|Any CPU
	EndGlobalSection
	GlobalSection(ProjectConfigurationPlatforms) = postSolution
		{357BFE08-37B5-4A2C-AAFE-4396548AED09}.Debug|Any CPU.ActiveCfg = Debug|Any CPU
		{357BFE08-37B5-4A2C-AAFE-4396548AED09}.Debug|Any CPU.Build.0 = Debug|Any CPU
		{357BFE08-37B5-4A2C-AAFE-4396548AED09}.Release|Any CPU.ActiveCfg = Release|Any CPU
		{357BFE08-37B5-4A2C-AAFE-4396548AED09}.Release|Any CPU.Build.0 = Release|Any CPU
		{A7B5E6C5-062C-4200-AC02-C1BF38F51D86}.Debug|Any CPU.ActiveCfg = Debug|Any CPU
		{A7B5E6C5-062C-4200-AC02-C1BF38F51D86}.Debug|Any CPU.Build.0 = Debug|Any CPU
		{A7B5E6C5-062C-4200-AC02-C1BF38F51D86}.Release|Any CPU.ActiveCfg = Release|Any CPU
		{A7B5E6C5-062C-4200-AC02-C1BF38F51D86}.Release|Any CPU.Build.0 = Release|Any CPU
	EndGlobalSection
	GlobalSection(SolutionProperties) = preSolution
		HideSolutionNode = FALSE
	EndGlobalSection
EndGlobal
